// !$*UTF8*$!
{
	archiveVersion = 1;
	classes = {
	};
	objectVersion = 46;
	objects = {

/* Begin PBXBuildFile section */
		EAD13F641E754C8C007E8203 /* libopencv_calib3d.3.1.0.dylib in Frameworks */ = {isa = PBXBuildFile; fileRef = EAD13F5C1E754C8C007E8203 /* libopencv_calib3d.3.1.0.dylib */; };
		EAD13F651E754C8C007E8203 /* libopencv_core.3.1.0.dylib in Frameworks */ = {isa = PBXBuildFile; fileRef = EAD13F5D1E754C8C007E8203 /* libopencv_core.3.1.0.dylib */; };
		EAD13F661E754C8C007E8203 /* libopencv_features2d.3.1.0.dylib in Frameworks */ = {isa = PBXBuildFile; fileRef = EAD13F5E1E754C8C007E8203 /* libopencv_features2d.3.1.0.dylib */; };
		EAD13F671E754C8C007E8203 /* libopencv_flann.3.1.0.dylib in Frameworks */ = {isa = PBXBuildFile; fileRef = EAD13F5F1E754C8C007E8203 /* libopencv_flann.3.1.0.dylib */; };
		EAD13F681E754C8C007E8203 /* libopencv_highgui.3.1.0.dylib in Frameworks */ = {isa = PBXBuildFile; fileRef = EAD13F601E754C8C007E8203 /* libopencv_highgui.3.1.0.dylib */; };
		EAD13F691E754C8C007E8203 /* libopencv_imgcodecs.3.1.0.dylib in Frameworks */ = {isa = PBXBuildFile; fileRef = EAD13F611E754C8C007E8203 /* libopencv_imgcodecs.3.1.0.dylib */; };
		EAD13F6A1E754C8C007E8203 /* libopencv_imgproc.3.1.0.dylib in Frameworks */ = {isa = PBXBuildFile; fileRef = EAD13F621E754C8C007E8203 /* libopencv_imgproc.3.1.0.dylib */; };
		EAD13F6B1E754C8C007E8203 /* libopencv_xfeatures2d.3.1.0.dylib in Frameworks */ = {isa = PBXBuildFile; fileRef = EAD13F631E754C8C007E8203 /* libopencv_xfeatures2d.3.1.0.dylib */; };
		EAD13F6D1E754CFB007E8203 /* camera_calibration.cpp in Sources */ = {isa = PBXBuildFile; fileRef = EAD13F6C1E754CFB007E8203 /* camera_calibration.cpp */; };
		EAD13F701E754D26007E8203 /* libopencv_video.3.1.0.dylib in Frameworks */ = {isa = PBXBuildFile; fileRef = EAD13F6E1E754D26007E8203 /* libopencv_video.3.1.0.dylib */; };
		EAD13F711E754D26007E8203 /* libopencv_videoio.3.1.0.dylib in Frameworks */ = {isa = PBXBuildFile; fileRef = EAD13F6F1E754D26007E8203 /* libopencv_videoio.3.1.0.dylib */; };
/* End PBXBuildFile section */

/* Begin PBXCopyFilesBuildPhase section */
		EAD13F4F1E754C30007E8203 /* CopyFiles */ = {
			isa = PBXCopyFilesBuildPhase;
			buildActionMask = 2147483647;
			dstPath = /usr/share/man/man1/;
			dstSubfolderSpec = 0;
			files = (
			);
			runOnlyForDeploymentPostprocessing = 1;
		};
/* End PBXCopyFilesBuildPhase section */

/* Begin PBXFileReference section */
		EAD13F511E754C30007E8203 /* camera_calibration */ = {isa = PBXFileReference; explicitFileType = "compiled.mach-o.executable"; includeInIndex = 0; path = camera_calibration; sourceTree = BUILT_PRODUCTS_DIR; };
		EAD13F5C1E754C8C007E8203 /* libopencv_calib3d.3.1.0.dylib */ = {isa = PBXFileReference; lastKnownFileType = "compiled.mach-o.dylib"; name = libopencv_calib3d.3.1.0.dylib; path = "../../../../../usr/local/Cellar/opencv3/HEAD-be08654_4/lib/libopencv_calib3d.3.1.0.dylib"; sourceTree = "<group>"; };
		EAD13F5D1E754C8C007E8203 /* libopencv_core.3.1.0.dylib */ = {isa = PBXFileReference; lastKnownFileType = "compiled.mach-o.dylib"; name = libopencv_core.3.1.0.dylib; path = "../../../../../usr/local/Cellar/opencv3/HEAD-be08654_4/lib/libopencv_core.3.1.0.dylib"; sourceTree = "<group>"; };
		EAD13F5E1E754C8C007E8203 /* libopencv_features2d.3.1.0.dylib */ = {isa = PBXFileReference; lastKnownFileType = "compiled.mach-o.dylib"; name = libopencv_features2d.3.1.0.dylib; path = "../../../../../usr/local/Cellar/opencv3/HEAD-be08654_4/lib/libopencv_features2d.3.1.0.dylib"; sourceTree = "<group>"; };
		EAD13F5F1E754C8C007E8203 /* libopencv_flann.3.1.0.dylib */ = {isa = PBXFileReference; lastKnownFileType = "compiled.mach-o.dylib"; name = libopencv_flann.3.1.0.dylib; path = "../../../../../usr/local/Cellar/opencv3/HEAD-be08654_4/lib/libopencv_flann.3.1.0.dylib"; sourceTree = "<group>"; };
		EAD13F601E754C8C007E8203 /* libopencv_highgui.3.1.0.dylib */ = {isa = PBXFileReference; lastKnownFileType = "compiled.mach-o.dylib"; name = libopencv_highgui.3.1.0.dylib; path = "../../../../../usr/local/Cellar/opencv3/HEAD-be08654_4/lib/libopencv_highgui.3.1.0.dylib"; sourceTree = "<group>"; };
		EAD13F611E754C8C007E8203 /* libopencv_imgcodecs.3.1.0.dylib */ = {isa = PBXFileReference; lastKnownFileType = "compiled.mach-o.dylib"; name = libopencv_imgcodecs.3.1.0.dylib; path = "../../../../../usr/local/Cellar/opencv3/HEAD-be08654_4/lib/libopencv_imgcodecs.3.1.0.dylib"; sourceTree = "<group>"; };
		EAD13F621E754C8C007E8203 /* libopencv_imgproc.3.1.0.dylib */ = {isa = PBXFileReference; lastKnownFileType = "compiled.mach-o.dylib"; name = libopencv_imgproc.3.1.0.dylib; path = "../../../../../usr/local/Cellar/opencv3/HEAD-be08654_4/lib/libopencv_imgproc.3.1.0.dylib"; sourceTree = "<group>"; };
		EAD13F631E754C8C007E8203 /* libopencv_xfeatures2d.3.1.0.dylib */ = {isa = PBXFileReference; lastKnownFileType = "compiled.mach-o.dylib"; name = libopencv_xfeatures2d.3.1.0.dylib; path = "../../../../../usr/local/Cellar/opencv3/HEAD-be08654_4/lib/libopencv_xfeatures2d.3.1.0.dylib"; sourceTree = "<group>"; };
		EAD13F6C1E754CFB007E8203 /* camera_calibration.cpp */ = {isa = PBXFileReference; fileEncoding = 4; lastKnownFileType = sourcecode.cpp.cpp; path = camera_calibration.cpp; sourceTree = "<group>"; };
		EAD13F6E1E754D26007E8203 /* libopencv_video.3.1.0.dylib */ = {isa = PBXFileReference; lastKnownFileType = "compiled.mach-o.dylib"; name = libopencv_video.3.1.0.dylib; path = "../../../../../usr/local/Cellar/opencv3/HEAD-be08654_4/lib/libopencv_video.3.1.0.dylib"; sourceTree = "<group>"; };
		EAD13F6F1E754D26007E8203 /* libopencv_videoio.3.1.0.dylib */ = {isa = PBXFileReference; lastKnownFileType = "compiled.mach-o.dylib"; name = libopencv_videoio.3.1.0.dylib; path = "../../../../../usr/local/Cellar/opencv3/HEAD-be08654_4/lib/libopencv_videoio.3.1.0.dylib"; sourceTree = "<group>"; };
/* End PBXFileReference section */

/* Begin PBXFrameworksBuildPhase section */
		EAD13F4E1E754C30007E8203 /* Frameworks */ = {
			isa = PBXFrameworksBuildPhase;
			buildActionMask = 2147483647;
			files = (
				EAD13F701E754D26007E8203 /* libopencv_video.3.1.0.dylib in Frameworks */,
				EAD13F711E754D26007E8203 /* libopencv_videoio.3.1.0.dylib in Frameworks */,
				EAD13F641E754C8C007E8203 /* libopencv_calib3d.3.1.0.dylib in Frameworks */,
				EAD13F651E754C8C007E8203 /* libopencv_core.3.1.0.dylib in Frameworks */,
				EAD13F661E754C8C007E8203 /* libopencv_features2d.3.1.0.dylib in Frameworks */,
				EAD13F671E754C8C007E8203 /* libopencv_flann.3.1.0.dylib in Frameworks */,
				EAD13F681E754C8C007E8203 /* libopencv_highgui.3.1.0.dylib in Frameworks */,
				EAD13F691E754C8C007E8203 /* libopencv_imgcodecs.3.1.0.dylib in Frameworks */,
				EAD13F6A1E754C8C007E8203 /* libopencv_imgproc.3.1.0.dylib in Frameworks */,
				EAD13F6B1E754C8C007E8203 /* libopencv_xfeatures2d.3.1.0.dylib in Frameworks */,
			);
			runOnlyForDeploymentPostprocessing = 0;
		};
/* End PBXFrameworksBuildPhase section */

/* Begin PBXGroup section */
		EAD13F481E754C30007E8203 = {
			isa = PBXGroup;
			children = (
				EAD13F531E754C30007E8203 /* camera_calibration */,
				EAD13F521E754C30007E8203 /* Products */,
				EAD13F5B1E754C8B007E8203 /* Frameworks */,
			);
			sourceTree = "<group>";
		};
		EAD13F521E754C30007E8203 /* Products */ = {
			isa = PBXGroup;
			children = (
				EAD13F511E754C30007E8203 /* camera_calibration */,
			);
			name = Products;
			sourceTree = "<group>";
		};
		EAD13F531E754C30007E8203 /* camera_calibration */ = {
			isa = PBXGroup;
			children = (
				EAD13F6C1E754CFB007E8203 /* camera_calibration.cpp */,
			);
			path = camera_calibration;
			sourceTree = "<group>";
		};
		EAD13F5B1E754C8B007E8203 /* Frameworks */ = {
			isa = PBXGroup;
			children = (
				EAD13F6E1E754D26007E8203 /* libopencv_video.3.1.0.dylib */,
				EAD13F6F1E754D26007E8203 /* libopencv_videoio.3.1.0.dylib */,
				EAD13F5C1E754C8C007E8203 /* libopencv_calib3d.3.1.0.dylib */,
				EAD13F5D1E754C8C007E8203 /* libopencv_core.3.1.0.dylib */,
				EAD13F5E1E754C8C007E8203 /* libopencv_features2d.3.1.0.dylib */,
				EAD13F5F1E754C8C007E8203 /* libopencv_flann.3.1.0.dylib */,
				EAD13F601E754C8C007E8203 /* libopencv_highgui.3.1.0.dylib */,
				EAD13F611E754C8C007E8203 /* libopencv_imgcodecs.3.1.0.dylib */,
				EAD13F621E754C8C007E8203 /* libopencv_imgproc.3.1.0.dylib */,
				EAD13F631E754C8C007E8203 /* libopencv_xfeatures2d.3.1.0.dylib */,
			);
			name = Frameworks;
			sourceTree = "<group>";
		};
/* End PBXGroup section */

/* Begin PBXNativeTarget section */
		EAD13F501E754C30007E8203 /* camera_calibration */ = {
			isa = PBXNativeTarget;
			buildConfigurationList = EAD13F581E754C30007E8203 /* Build configuration list for PBXNativeTarget "camera_calibration" */;
			buildPhases = (
				EAD13F4D1E754C30007E8203 /* Sources */,
				EAD13F4E1E754C30007E8203 /* Frameworks */,
				EAD13F4F1E754C30007E8203 /* CopyFiles */,
			);
			buildRules = (
			);
			dependencies = (
			);
			name = camera_calibration;
			productName = camera_calibration;
			productReference = EAD13F511E754C30007E8203 /* camera_calibration */;
			productType = "com.apple.product-type.tool";
		};
/* End PBXNativeTarget section */

/* Begin PBXProject section */
		EAD13F491E754C30007E8203 /* Project object */ = {
			isa = PBXProject;
			attributes = {
				LastUpgradeCheck = 0810;
				ORGANIZATIONNAME = sofiawu;
				TargetAttributes = {
					EAD13F501E754C30007E8203 = {
						CreatedOnToolsVersion = 8.1;
						DevelopmentTeam = 99BH65ZR59;
						ProvisioningStyle = Automatic;
					};
				};
			};
			buildConfigurationList = EAD13F4C1E754C30007E8203 /* Build configuration list for PBXProject "camera_calibration" */;
			compatibilityVersion = "Xcode 3.2";
			developmentRegion = English;
			hasScannedForEncodings = 0;
			knownRegions = (
				en,
			);
			mainGroup = EAD13F481E754C30007E8203;
			productRefGroup = EAD13F521E754C30007E8203 /* Products */;
			projectDirPath = "";
			projectRoot = "";
			targets = (
				EAD13F501E754C30007E8203 /* camera_calibration */,
			);
		};
/* End PBXProject section */

/* Begin PBXSourcesBuildPhase section */
		EAD13F4D1E754C30007E8203 /* Sources */ = {
			isa = PBXSourcesBuildPhase;
			buildActionMask = 2147483647;
			files = (
				EAD13F6D1E754CFB007E8203 /* camera_calibration.cpp in Sources */,
			);
			runOnlyForDeploymentPostprocessing = 0;
		};
/* End PBXSourcesBuildPhase section */

/* Begin XCBuildConfiguration section */
		EAD13F561E754C30007E8203 /* Debug */ = {
			isa = XCBuildConfiguration;
			buildSettings = {
				ALWAYS_SEARCH_USER_PATHS = NO;
				CLANG_ANALYZER_NONNULL = YES;
				CLANG_CXX_LANGUAGE_STANDARD = "gnu++0x";
				CLANG_CXX_LIBRARY = "libc++";
				CLANG_ENABLE_MODULES = YES;
				CLANG_ENABLE_OBJC_ARC = YES;
				CLANG_WARN_BOOL_CONVERSION = YES;
				CLANG_WARN_CONSTANT_CONVERSION = YES;
				CLANG_WARN_DIRECT_OBJC_ISA_USAGE = YES_ERROR;
				CLANG_WARN_DOCUMENTATION_COMMENTS = YES;
				CLANG_WARN_EMPTY_BODY = YES;
				CLANG_WARN_ENUM_CONVERSION = YES;
				CLANG_WARN_INFINITE_RECURSION = YES;
				CLANG_WARN_INT_CONVERSION = YES;
				CLANG_WARN_OBJC_ROOT_CLASS = YES_ERROR;
				CLANG_WARN_SUSPICIOUS_MOVES = YES;
				CLANG_WARN_UNREACHABLE_CODE = YES;
				CLANG_WARN__DUPLICATE_METHOD_MATCH = YES;
				CODE_SIGN_IDENTITY = "-";
				COPY_PHASE_STRIP = NO;
				DEBUG_INFORMATION_FORMAT = dwarf;
				ENABLE_STRICT_OBJC_MSGSEND = YES;
				ENABLE_TESTABILITY = YES;
				GCC_C_LANGUAGE_STANDARD = gnu99;
				GCC_DYNAMIC_NO_PIC = NO;
				GCC_NO_COMMON_BLOCKS = YES;
				GCC_OPTIMIZATION_LEVEL = 0;
				GCC_PREPROCESSOR_DEFINITIONS = (
					"DEBUG=1",
					"$(inherited)",
				);
				GCC_WARN_64_TO_32_BIT_CONVERSION = YES;
				GCC_WARN_ABOUT_RETURN_TYPE = YES_ERROR;
				GCC_WARN_UNDECLARED_SELECTOR = YES;
				GCC_WARN_UNINITIALIZED_AUTOS = YES_AGGRESSIVE;
				GCC_WARN_UNUSED_FUNCTION = YES;
				GCC_WARN_UNUSED_VARIABLE = YES;
				MACOSX_DEPLOYMENT_TARGET = 10.12;
				MTL_ENABLE_DEBUG_INFO = YES;
				ONLY_ACTIVE_ARCH = YES;
				SDKROOT = macosx;
			};
			name = Debug;
		};
		EAD13F571E754C30007E8203 /* Release */ = {
			isa = XCBuildConfiguration;
			buildSettings = {
				ALWAYS_SEARCH_USER_PATHS = NO;
				CLANG_ANALYZER_NONNULL = YES;
				CLANG_CXX_LANGUAGE_STANDARD = "gnu++0x";
				CLANG_CXX_LIBRARY = "libc++";
				CLANG_ENABLE_MODULES = YES;
				CLANG_ENABLE_OBJC_ARC = YES;
				CLANG_WARN_BOOL_CONVERSION = YES;
				CLANG_WARN_CONSTANT_CONVERSION = YES;
				CLANG_WARN_DIRECT_OBJC_ISA_USAGE = YES_ERROR;
				CLANG_WARN_DOCUMENTATION_COMMENTS = YES;
				CLANG_WARN_EMPTY_BODY = YES;
				CLANG_WARN_ENUM_CONVERSION = YES;
				CLANG_WARN_INFINITE_RECURSION = YES;
				CLANG_WARN_INT_CONVERSION = YES;
				CLANG_WARN_OBJC_ROOT_CLASS = YES_ERROR;
				CLANG_WARN_SUSPICIOUS_MOVES = YES;
				CLANG_WARN_UNREACHABLE_CODE = YES;
				CLANG_WARN__DUPLICATE_METHOD_MATCH = YES;
				CODE_SIGN_IDENTITY = "-";
				COPY_PHASE_STRIP = NO;
				DEBUG_INFORMATION_FORMAT = "dwarf-with-dsym";
				ENABLE_NS_ASSERTIONS = NO;
				ENABLE_STRICT_OBJC_MSGSEND = YES;
				GCC_C_LANGUAGE_STANDARD = gnu99;
				GCC_NO_COMMON_BLOCKS = YES;
				GCC_WARN_64_TO_32_BIT_CONVERSION = YES;
				GCC_WARN_ABOUT_RETURN_TYPE = YES_ERROR;
				GCC_WARN_UNDECLARED_SELECTOR = YES;
				GCC_WARN_UNINITIALIZED_AUTOS = YES_AGGRESSIVE;
				GCC_WARN_UNUSED_FUNCTION = YES;
				GCC_WARN_UNUSED_VARIABLE = YES;
				MACOSX_DEPLOYMENT_TARGET = 10.12;
				MTL_ENABLE_DEBUG_INFO = NO;
				SDKROOT = macosx;
			};
			name = Release;
		};
		EAD13F591E754C30007E8203 /* Debug */ = {
			isa = XCBuildConfiguration;
			buildSettings = {
				DEVELOPMENT_TEAM = 99BH65ZR59;
				HEADER_SEARCH_PATHS = "/usr/local/Cellar/opencv3/HEAD-be08654_4/include";
				LIBRARY_SEARCH_PATHS = (
					"$(inherited)",
					"/usr/local/Cellar/opencv3/HEAD-be08654_4/lib",
				);
				PRODUCT_NAME = "$(TARGET_NAME)";
			};
			name = Debug;
		};
		EAD13F5A1E754C30007E8203 /* Release */ = {
			isa = XCBuildConfiguration;
			buildSettings = {
				DEVELOPMENT_TEAM = 99BH65ZR59;
				HEADER_SEARCH_PATHS = "/usr/local/Cellar/opencv3/HEAD-be08654_4/include";
				LIBRARY_SEARCH_PATHS = (
					"$(inherited)",
					"/usr/local/Cellar/opencv3/HEAD-be08654_4/lib",
				);
				PRODUCT_NAME = "$(TARGET_NAME)";
			};
			name = Release;
		};
/* End XCBuildConfiguration section */

/* Begin XCConfigurationList section */
		EAD13F4C1E754C30007E8203 /* Build configuration list for PBXProject "camera_calibration" */ = {
			isa = XCConfigurationList;
			buildConfigurations = (
				EAD13F561E754C30007E8203 /* Debug */,
				EAD13F571E754C30007E8203 /* Release */,
			);
			defaultConfigurationIsVisible = 0;
			defaultConfigurationName = Release;
		};
		EAD13F581E754C30007E8203 /* Build configuration list for PBXNativeTarget "camera_calibration" */ = {
			isa = XCConfigurationList;
			buildConfigurations = (
				EAD13F591E754C30007E8203 /* Debug */,
				EAD13F5A1E754C30007E8203 /* Release */,
			);
			defaultConfigurationIsVisible = 0;
		};
/* End XCConfigurationList section */
	};
	rootObject = EAD13F491E754C30007E8203 /* Project object */;
}
